
Microsoft Visual Studio Solution File, Format Version 12.00
# Visual Studio Version 17
VisualStudioVersion = 17.2.32630.192
MinimumVisualStudioVersion = 10.0.40219.1
Project("{FAE04EC0-301F-11D3-BF4B-00C04F79EFBC}") = "Msa_P2_UnitTesting", "Msa_P2_UnitTesting\Msa_P2_UnitTesting.csproj", "{6A5C79AE-ED9B-44C6-9C67-658B8DC39725}"
EndProject
Global
	GlobalSection(SolutionConfigurationPlatforms) = preSolution
		Debug|Any CPU = Debug|Any CPU
		Release|Any CPU = Release|Any CPU
	EndGlobalSection
	GlobalSection(ProjectConfigurationPlatforms) = postSolution
		{6A5C79AE-ED9B-44C6-9C67-658B8DC39725}.Debug|Any CPU.ActiveCfg = Debug|Any CPU
		{6A5C79AE-ED9B-44C6-9C67-658B8DC39725}.Debug|Any CPU.Build.0 = Debug|Any CPU
		{6A5C79AE-ED9B-44C6-9C67-658B8DC39725}.Release|Any CPU.ActiveCfg = Release|Any CPU
		{6A5C79AE-ED9B-44C6-9C67-658B8DC39725}.Release|Any CPU.Build.0 = Release|Any CPU
	EndGlobalSection
	GlobalSection(SolutionProperties) = preSolution
		HideSolutionNode = FALSE
	EndGlobalSection
	GlobalSection(ExtensibilityGlobals) = postSolution
		SolutionGuid = {322DBC4E-CFDA-4F9B-854F-B0FEEBC9AD92}
	EndGlobalSection
EndGlobal
