
Microsoft Visual Studio Solution File, Format Version 12.00
# Visual Studio Version 17
VisualStudioVersion = 17.2.32630.192
MinimumVisualStudioVersion = 10.0.40219.1
Project("{FAE04EC0-301F-11D3-BF4B-00C04F79EFBC}") = "MSA_Phase2_Backend", "MSA_Phase2_Backend\MSA_Phase2_Backend.csproj", "{F5069CF0-D2C2-41D2-B3BE-592D87CED2D0}"
EndProject
Global
	GlobalSection(SolutionConfigurationPlatforms) = preSolution
		Debug|Any CPU = Debug|Any CPU
		Release|Any CPU = Release|Any CPU
	EndGlobalSection
	GlobalSection(ProjectConfigurationPlatforms) = postSolution
		{F5069CF0-D2C2-41D2-B3BE-592D87CED2D0}.Debug|Any CPU.ActiveCfg = Debug|Any CPU
		{F5069CF0-D2C2-41D2-B3BE-592D87CED2D0}.Debug|Any CPU.Build.0 = Debug|Any CPU
		{F5069CF0-D2C2-41D2-B3BE-592D87CED2D0}.Release|Any CPU.ActiveCfg = Release|Any CPU
		{F5069CF0-D2C2-41D2-B3BE-592D87CED2D0}.Release|Any CPU.Build.0 = Release|Any CPU
	EndGlobalSection
	GlobalSection(SolutionProperties) = preSolution
		HideSolutionNode = FALSE
	EndGlobalSection
	GlobalSection(ExtensibilityGlobals) = postSolution
		SolutionGuid = {E08391BB-69B2-48B5-ACF6-4A05332641F9}
	EndGlobalSection
EndGlobal
